
Microsoft Visual Studio Solution File, Format Version 12.00
# Visual Studio Version 17
VisualStudioVersion = 17.5.002.0
MinimumVisualStudioVersion = 10.0.40219.1
Project("{9A19103F-16F7-4668-BE54-9A1E7A4F7556}") = "AutoContent", "AutoContent.csproj", "{0E18301F-58E7-42E0-83C4-F135FF8A81E2}"
EndProject
Project("{FAE04EC0-301F-11D3-BF4B-00C04F79EFBC}") = "AutoContent", "AutoContent\AutoContent.csproj", "{7D6A24EE-4E96-42CE-B715-F9950E2A2D5B}"
EndProject
Global
	GlobalSection(SolutionConfigurationPlatforms) = preSolution
		Debug|Any CPU = Debug|Any CPU
		Release|Any CPU = Release|Any CPU
	EndGlobalSection
	GlobalSection(ProjectConfigurationPlatforms) = postSolution
		{0E18301F-58E7-42E0-83C4-F135FF8A81E2}.Debug|Any CPU.ActiveCfg = Debug|Any CPU
		{0E18301F-58E7-42E0-83C4-F135FF8A81E2}.Debug|Any CPU.Build.0 = Debug|Any CPU
		{0E18301F-58E7-42E0-83C4-F135FF8A81E2}.Release|Any CPU.ActiveCfg = Release|Any CPU
		{0E18301F-58E7-42E0-83C4-F135FF8A81E2}.Release|Any CPU.Build.0 = Release|Any CPU
		{7D6A24EE-4E96-42CE-B715-F9950E2A2D5B}.Debug|Any CPU.ActiveCfg = Debug|Any CPU
		{7D6A24EE-4E96-42CE-B715-F9950E2A2D5B}.Debug|Any CPU.Build.0 = Debug|Any CPU
		{7D6A24EE-4E96-42CE-B715-F9950E2A2D5B}.Release|Any CPU.ActiveCfg = Release|Any CPU
		{7D6A24EE-4E96-42CE-B715-F9950E2A2D5B}.Release|Any CPU.Build.0 = Release|Any CPU
	EndGlobalSection
	GlobalSection(SolutionProperties) = preSolution
		HideSolutionNode = FALSE
	EndGlobalSection
	GlobalSection(ExtensibilityGlobals) = postSolution
		SolutionGuid = {769B42F8-5174-4134-AA6A-9DC376EB55F0}
	EndGlobalSection
EndGlobal
